
Microsoft Visual Studio Solution File, Format Version 12.00
# Visual Studio Version 17
VisualStudioVersion = 17.3.32922.545
MinimumVisualStudioVersion = 10.0.40219.1
Project("{FAE04EC0-301F-11D3-BF4B-00C04F79EFBC}") = "MDS", "MDS\MDS.csproj", "{4563C24E-2A52-46C1-BB37-178931309BDF}"
EndProject
Global
	GlobalSection(SolutionConfigurationPlatforms) = preSolution
		Debug|Any CPU = Debug|Any CPU
		Release|Any CPU = Release|Any CPU
	EndGlobalSection
	GlobalSection(ProjectConfigurationPlatforms) = postSolution
		{4563C24E-2A52-46C1-BB37-178931309BDF}.Debug|Any CPU.ActiveCfg = Debug|Any CPU
		{4563C24E-2A52-46C1-BB37-178931309BDF}.Debug|Any CPU.Build.0 = Debug|Any CPU
		{4563C24E-2A52-46C1-BB37-178931309BDF}.Release|Any CPU.ActiveCfg = Release|Any CPU
		{4563C24E-2A52-46C1-BB37-178931309BDF}.Release|Any CPU.Build.0 = Release|Any CPU
	EndGlobalSection
	GlobalSection(SolutionProperties) = preSolution
		HideSolutionNode = FALSE
	EndGlobalSection
	GlobalSection(ExtensibilityGlobals) = postSolution
		SolutionGuid = {78C6C3D4-52AA-4C2D-A395-F32A334813C9}
	EndGlobalSection
EndGlobal
